// !$*UTF8*$!
{
	archiveVersion = 1;
	classes = {
	};
	objectVersion = 52;
	objects = {

/* Begin PBXBuildFile section */
		EF09144C23251520008544C3 /* LoadingView.swift in Sources */ = {isa = PBXBuildFile; fileRef = EF09144B23251520008544C3 /* LoadingView.swift */; };
		EF0CF557231C1BC500DD6553 /* UIContentSizeCategory.swift in Sources */ = {isa = PBXBuildFile; fileRef = EF0CF556231C1BC500DD6553 /* UIContentSizeCategory.swift */; };
		EF0CF559231C46BF00DD6553 /* UILegibilityWeight.swift in Sources */ = {isa = PBXBuildFile; fileRef = EF0CF558231C46BF00DD6553 /* UILegibilityWeight.swift */; };
		EF0D399B231A8ADB0067359E /* Icon.swift in Sources */ = {isa = PBXBuildFile; fileRef = EF0D399A231A8ADB0067359E /* Icon.swift */; };
		EF136FBE2323D3B2001D2524 /* ResultView.swift in Sources */ = {isa = PBXBuildFile; fileRef = EF136FBD2323D3B2001D2524 /* ResultView.swift */; };
		EF28080B230C013400FF018E /* Formatters.swift in Sources */ = {isa = PBXBuildFile; fileRef = EF28080A230C013400FF018E /* Formatters.swift */; };
		EF2E767C23083BE0008EB40D /* CurrentConditionsViewModel.swift in Sources */ = {isa = PBXBuildFile; fileRef = EF2E767B23083BE0008EB40D /* CurrentConditionsViewModel.swift */; };
		EF2E767E23083BED008EB40D /* CurrentConditionsView.swift in Sources */ = {isa = PBXBuildFile; fileRef = EF2E767D23083BED008EB40D /* CurrentConditionsView.swift */; };
		EF363E08233F742C0087F494 /* OhNo in Frameworks */ = {isa = PBXBuildFile; productRef = EF363E07233F742C0087F494 /* OhNo */; };
		EF3646F72334F69300A3A70A /* OptionalView.swift in Sources */ = {isa = PBXBuildFile; fileRef = EF3646F62334F69300A3A70A /* OptionalView.swift */; };
		EF409DE5232F9B8B00877B6E /* LocationUpdateError.swift in Sources */ = {isa = PBXBuildFile; fileRef = EF409DE4232F9B8B00877B6E /* LocationUpdateError.swift */; };
		EF6BF6872311E07A00159436 /* Tagged.swift in Sources */ = {isa = PBXBuildFile; fileRef = EF6BF6862311E07A00159436 /* Tagged.swift */; };
		EF6BF68B2312D12B00159436 /* ErrorView.swift in Sources */ = {isa = PBXBuildFile; fileRef = EF6BF68A2312D12B00159436 /* ErrorView.swift */; };
		EF737326230175200015FCA1 /* ImageLoading in Frameworks */ = {isa = PBXBuildFile; productRef = EF737325230175200015FCA1 /* ImageLoading */; };
		EF73FFB02357D18C0074D1DB /* HourlyForecastViewModel.swift in Sources */ = {isa = PBXBuildFile; fileRef = EF73FFAF2357D18C0074D1DB /* HourlyForecastViewModel.swift */; };
		EF73FFB22357D1A00074D1DB /* HourlyForecastView.swift in Sources */ = {isa = PBXBuildFile; fileRef = EF73FFB12357D1A00074D1DB /* HourlyForecastView.swift */; };
		EF7714B32355DD1D0060217C /* ContentContainerView.swift in Sources */ = {isa = PBXBuildFile; fileRef = EF7714B22355DD1D0060217C /* ContentContainerView.swift */; };
		EF8918F4237043A60001E144 /* UnknownTimeZoneError.swift in Sources */ = {isa = PBXBuildFile; fileRef = EF8918F3237043A60001E144 /* UnknownTimeZoneError.swift */; };
		EFAC52E8231FCFA40080AFB3 /* Result+Operators.swift in Sources */ = {isa = PBXBuildFile; fileRef = EFAC52E7231FCFA40080AFB3 /* Result+Operators.swift */; };
		EFAC52EA232118740080AFB3 /* WeatherAlertListModel.swift in Sources */ = {isa = PBXBuildFile; fileRef = EFAC52E9232118740080AFB3 /* WeatherAlertListModel.swift */; };
		EFAC52EC232118810080AFB3 /* WeatherAlertList.swift in Sources */ = {isa = PBXBuildFile; fileRef = EFAC52EB232118810080AFB3 /* WeatherAlertList.swift */; };
		EFAC52F02321189D0080AFB3 /* WeatherAlertView.swift in Sources */ = {isa = PBXBuildFile; fileRef = EFAC52EF2321189D0080AFB3 /* WeatherAlertView.swift */; };
		EFAC52F2232118A60080AFB3 /* WeatherAlertViewModel.swift in Sources */ = {isa = PBXBuildFile; fileRef = EFAC52F1232118A60080AFB3 /* WeatherAlertViewModel.swift */; };
		EFAC52F62321D8460080AFB3 /* PrettyPrintParagraphs.swift in Sources */ = {isa = PBXBuildFile; fileRef = EFAC52F52321D8460080AFB3 /* PrettyPrintParagraphs.swift */; };
		EFAFA7882333944300DAB9F7 /* ErrorLog+Default.swift in Sources */ = {isa = PBXBuildFile; fileRef = EFAFA7872333944300DAB9F7 /* ErrorLog+Default.swift */; };
		EFBB2DC622FC2BA900AAF7EE /* DailyForecastView.swift in Sources */ = {isa = PBXBuildFile; fileRef = EFBB2DC522FC2BA900AAF7EE /* DailyForecastView.swift */; };
		EFBB2DC822FC2BB500AAF7EE /* DailyForecastViewModel.swift in Sources */ = {isa = PBXBuildFile; fileRef = EFBB2DC722FC2BB500AAF7EE /* DailyForecastViewModel.swift */; };
		EFC0CBF32322850200EFF256 /* ForecastAlertsNavigationModel.swift in Sources */ = {isa = PBXBuildFile; fileRef = EFC0CBF22322850200EFF256 /* ForecastAlertsNavigationModel.swift */; };
		EFC0CBF52322864000EFF256 /* Either.swift in Sources */ = {isa = PBXBuildFile; fileRef = EFC0CBF42322864000EFF256 /* Either.swift */; };
		EFC4F1EF232323C80086F82D /* EitherView.swift in Sources */ = {isa = PBXBuildFile; fileRef = EFC4F1EE232323C80086F82D /* EitherView.swift */; };
		EFC53503235DC3AA00822A58 /* BasicAlgorithms in Frameworks */ = {isa = PBXBuildFile; productRef = EFC53502235DC3AA00822A58 /* BasicAlgorithms */; };
		EFD04B4223339104006B6748 /* OhNo in Frameworks */ = {isa = PBXBuildFile; productRef = EFD04B4123339104006B6748 /* OhNo */; };
		EFD2025C2315390B00A0ED6B /* ForecastDiscussionViewModel.swift in Sources */ = {isa = PBXBuildFile; fileRef = EFD2025B2315390B00A0ED6B /* ForecastDiscussionViewModel.swift */; };
		EFD2025E2315392400A0ED6B /* ForecastDiscussionView.swift in Sources */ = {isa = PBXBuildFile; fileRef = EFD2025D2315392400A0ED6B /* ForecastDiscussionView.swift */; };
		EFD202632315E5E900A0ED6B /* ScrollableText.swift in Sources */ = {isa = PBXBuildFile; fileRef = EFD202622315E5E900A0ED6B /* ScrollableText.swift */; };
		EFD354D822FAD8F000B98ECE /* API in Frameworks */ = {isa = PBXBuildFile; productRef = EFD354D722FAD8F000B98ECE /* API */; };
		EFD354DA22FAF66100B98ECE /* Publisher+Operators.swift in Sources */ = {isa = PBXBuildFile; fileRef = EFD354D922FAF66100B98ECE /* Publisher+Operators.swift */; };
		EFD5422D230D50A100059214 /* PercentFormatter.swift in Sources */ = {isa = PBXBuildFile; fileRef = EFD5422C230D50A100059214 /* PercentFormatter.swift */; };
		EFD54230230EA0D800059214 /* Geometry+Distance.swift in Sources */ = {isa = PBXBuildFile; fileRef = EFD5422F230EA0D800059214 /* Geometry+Distance.swift */; };
		EFD54233230EA8F700059214 /* CurrentConditionsModel.swift in Sources */ = {isa = PBXBuildFile; fileRef = EFD54232230EA8F700059214 /* CurrentConditionsModel.swift */; };
		EFDD5CDD2311492200261945 /* HourlyForecastCell.swift in Sources */ = {isa = PBXBuildFile; fileRef = EFDD5CDC2311492200261945 /* HourlyForecastCell.swift */; };
		EFDD5CDF2311493100261945 /* HourlyForecastCellModel.swift in Sources */ = {isa = PBXBuildFile; fileRef = EFDD5CDE2311493100261945 /* HourlyForecastCellModel.swift */; };
		EFDF4A042325165000C95B69 /* ActivityIndicatorView.swift in Sources */ = {isa = PBXBuildFile; fileRef = EFDF4A032325165000C95B69 /* ActivityIndicatorView.swift */; };
		EFDF4A062327B6DA00C95B69 /* TimeInterval+Durations.swift in Sources */ = {isa = PBXBuildFile; fileRef = EFDF4A052327B6DA00C95B69 /* TimeInterval+Durations.swift */; };
		EFDF4A082327C6E400C95B69 /* AnyFormatter.swift in Sources */ = {isa = PBXBuildFile; fileRef = EFDF4A072327C6E400C95B69 /* AnyFormatter.swift */; };
		EFEE483C22F6EB5200F4C7B8 /* AppDelegate.swift in Sources */ = {isa = PBXBuildFile; fileRef = EFEE483B22F6EB5200F4C7B8 /* AppDelegate.swift */; };
		EFEE483E22F6EB5200F4C7B8 /* SceneDelegate.swift in Sources */ = {isa = PBXBuildFile; fileRef = EFEE483D22F6EB5200F4C7B8 /* SceneDelegate.swift */; };
		EFEE484122F6EB5200F4C7B8 /* Basic.xcdatamodeld in Sources */ = {isa = PBXBuildFile; fileRef = EFEE483F22F6EB5200F4C7B8 /* Basic.xcdatamodeld */; };
		EFEE484322F6EB5200F4C7B8 /* WeatherView.swift in Sources */ = {isa = PBXBuildFile; fileRef = EFEE484222F6EB5200F4C7B8 /* WeatherView.swift */; };
		EFEE484522F6EB5300F4C7B8 /* Assets.xcassets in Resources */ = {isa = PBXBuildFile; fileRef = EFEE484422F6EB5300F4C7B8 /* Assets.xcassets */; };
		EFEE484822F6EB5300F4C7B8 /* Preview Assets.xcassets in Resources */ = {isa = PBXBuildFile; fileRef = EFEE484722F6EB5300F4C7B8 /* Preview Assets.xcassets */; };
		EFEE484B22F6EB5300F4C7B8 /* LaunchScreen.storyboard in Resources */ = {isa = PBXBuildFile; fileRef = EFEE484922F6EB5300F4C7B8 /* LaunchScreen.storyboard */; };
		EFEE485622F6EB5300F4C7B8 /* BasicTests.swift in Sources */ = {isa = PBXBuildFile; fileRef = EFEE485522F6EB5300F4C7B8 /* BasicTests.swift */; };
		EFEEE8AC22F8EA9F00A34E61 /* WeatherViewModel.swift in Sources */ = {isa = PBXBuildFile; fileRef = EFEEE8AB22F8EA9F00A34E61 /* WeatherViewModel.swift */; };
		EFEEE8B022F909D200A34E61 /* LocationUpdater.swift in Sources */ = {isa = PBXBuildFile; fileRef = EFEEE8AF22F909D200A34E61 /* LocationUpdater.swift */; };
		EFEEE8B422F988E000A34E61 /* DailyForecastCell.swift in Sources */ = {isa = PBXBuildFile; fileRef = EFEEE8B322F988E000A34E61 /* DailyForecastCell.swift */; };
		EFEEE8B622F9890900A34E61 /* DailyForecastCellModel.swift in Sources */ = {isa = PBXBuildFile; fileRef = EFEEE8B522F9890900A34E61 /* DailyForecastCellModel.swift */; };
		EFF7489623587F7100B43A4D /* DispatchAssert.swift in Sources */ = {isa = PBXBuildFile; fileRef = EFF7489523587F7100B43A4D /* DispatchAssert.swift */; };
/* End PBXBuildFile section */

/* Begin PBXContainerItemProxy section */
		EFEE485222F6EB5300F4C7B8 /* PBXContainerItemProxy */ = {
			isa = PBXContainerItemProxy;
			containerPortal = EFEE483022F6EB5200F4C7B8 /* Project object */;
			proxyType = 1;
			remoteGlobalIDString = EFEE483722F6EB5200F4C7B8;
			remoteInfo = Basic;
		};
/* End PBXContainerItemProxy section */

/* Begin PBXFileReference section */
		EF09144B23251520008544C3 /* LoadingView.swift */ = {isa = PBXFileReference; lastKnownFileType = sourcecode.swift; path = LoadingView.swift; sourceTree = "<group>"; };
		EF0CF556231C1BC500DD6553 /* UIContentSizeCategory.swift */ = {isa = PBXFileReference; lastKnownFileType = sourcecode.swift; path = UIContentSizeCategory.swift; sourceTree = "<group>"; };
		EF0CF558231C46BF00DD6553 /* UILegibilityWeight.swift */ = {isa = PBXFileReference; lastKnownFileType = sourcecode.swift; path = UILegibilityWeight.swift; sourceTree = "<group>"; };
		EF0D399A231A8ADB0067359E /* Icon.swift */ = {isa = PBXFileReference; lastKnownFileType = sourcecode.swift; path = Icon.swift; sourceTree = "<group>"; };
		EF136FBD2323D3B2001D2524 /* ResultView.swift */ = {isa = PBXFileReference; lastKnownFileType = sourcecode.swift; path = ResultView.swift; sourceTree = "<group>"; };
		EF28080A230C013400FF018E /* Formatters.swift */ = {isa = PBXFileReference; lastKnownFileType = sourcecode.swift; path = Formatters.swift; sourceTree = "<group>"; };
		EF2E767B23083BE0008EB40D /* CurrentConditionsViewModel.swift */ = {isa = PBXFileReference; lastKnownFileType = sourcecode.swift; path = CurrentConditionsViewModel.swift; sourceTree = "<group>"; };
		EF2E767D23083BED008EB40D /* CurrentConditionsView.swift */ = {isa = PBXFileReference; lastKnownFileType = sourcecode.swift; path = CurrentConditionsView.swift; sourceTree = "<group>"; };
		EF3646F62334F69300A3A70A /* OptionalView.swift */ = {isa = PBXFileReference; lastKnownFileType = sourcecode.swift; path = OptionalView.swift; sourceTree = "<group>"; };
		EF409DE4232F9B8B00877B6E /* LocationUpdateError.swift */ = {isa = PBXFileReference; lastKnownFileType = sourcecode.swift; path = LocationUpdateError.swift; sourceTree = "<group>"; };
		EF6BF6862311E07A00159436 /* Tagged.swift */ = {isa = PBXFileReference; lastKnownFileType = sourcecode.swift; path = Tagged.swift; sourceTree = "<group>"; };
		EF6BF68A2312D12B00159436 /* ErrorView.swift */ = {isa = PBXFileReference; lastKnownFileType = sourcecode.swift; path = ErrorView.swift; sourceTree = "<group>"; };
		EF737324230175110015FCA1 /* ImageLoading */ = {isa = PBXFileReference; lastKnownFileType = folder; name = ImageLoading; path = lib/ImageLoading; sourceTree = "<group>"; };
		EF73FFAF2357D18C0074D1DB /* HourlyForecastViewModel.swift */ = {isa = PBXFileReference; lastKnownFileType = sourcecode.swift; path = HourlyForecastViewModel.swift; sourceTree = "<group>"; };
		EF73FFB12357D1A00074D1DB /* HourlyForecastView.swift */ = {isa = PBXFileReference; lastKnownFileType = sourcecode.swift; path = HourlyForecastView.swift; sourceTree = "<group>"; };
		EF7714B22355DD1D0060217C /* ContentContainerView.swift */ = {isa = PBXFileReference; lastKnownFileType = sourcecode.swift; path = ContentContainerView.swift; sourceTree = "<group>"; };
		EF8918F3237043A60001E144 /* UnknownTimeZoneError.swift */ = {isa = PBXFileReference; fileEncoding = 4; lastKnownFileType = sourcecode.swift; path = UnknownTimeZoneError.swift; sourceTree = "<group>"; };
		EFAC52E7231FCFA40080AFB3 /* Result+Operators.swift */ = {isa = PBXFileReference; lastKnownFileType = sourcecode.swift; path = "Result+Operators.swift"; sourceTree = "<group>"; };
		EFAC52E9232118740080AFB3 /* WeatherAlertListModel.swift */ = {isa = PBXFileReference; lastKnownFileType = sourcecode.swift; path = WeatherAlertListModel.swift; sourceTree = "<group>"; };
		EFAC52EB232118810080AFB3 /* WeatherAlertList.swift */ = {isa = PBXFileReference; lastKnownFileType = sourcecode.swift; path = WeatherAlertList.swift; sourceTree = "<group>"; };
		EFAC52EF2321189D0080AFB3 /* WeatherAlertView.swift */ = {isa = PBXFileReference; lastKnownFileType = sourcecode.swift; path = WeatherAlertView.swift; sourceTree = "<group>"; };
		EFAC52F1232118A60080AFB3 /* WeatherAlertViewModel.swift */ = {isa = PBXFileReference; lastKnownFileType = sourcecode.swift; path = WeatherAlertViewModel.swift; sourceTree = "<group>"; };
		EFAC52F52321D8460080AFB3 /* PrettyPrintParagraphs.swift */ = {isa = PBXFileReference; lastKnownFileType = sourcecode.swift; path = PrettyPrintParagraphs.swift; sourceTree = "<group>"; };
		EFAFA7872333944300DAB9F7 /* ErrorLog+Default.swift */ = {isa = PBXFileReference; lastKnownFileType = sourcecode.swift; path = "ErrorLog+Default.swift"; sourceTree = "<group>"; };
		EFBB2DC522FC2BA900AAF7EE /* DailyForecastView.swift */ = {isa = PBXFileReference; lastKnownFileType = sourcecode.swift; path = DailyForecastView.swift; sourceTree = "<group>"; };
		EFBB2DC722FC2BB500AAF7EE /* DailyForecastViewModel.swift */ = {isa = PBXFileReference; lastKnownFileType = sourcecode.swift; path = DailyForecastViewModel.swift; sourceTree = "<group>"; };
		EFC0CBF22322850200EFF256 /* ForecastAlertsNavigationModel.swift */ = {isa = PBXFileReference; lastKnownFileType = sourcecode.swift; path = ForecastAlertsNavigationModel.swift; sourceTree = "<group>"; };
		EFC0CBF42322864000EFF256 /* Either.swift */ = {isa = PBXFileReference; lastKnownFileType = sourcecode.swift; path = Either.swift; sourceTree = "<group>"; };
		EFC4F1EE232323C80086F82D /* EitherView.swift */ = {isa = PBXFileReference; fileEncoding = 4; lastKnownFileType = sourcecode.swift; path = EitherView.swift; sourceTree = "<group>"; };
		EFC53501235DC39E00822A58 /* BasicAlgorithms */ = {isa = PBXFileReference; lastKnownFileType = folder; name = BasicAlgorithms; path = lib/BasicAlgorithms; sourceTree = "<group>"; };
		EFD04B4023338F1F006B6748 /* OhNo */ = {isa = PBXFileReference; lastKnownFileType = folder; name = OhNo; path = lib/OhNo; sourceTree = "<group>"; };
		EFD2025B2315390B00A0ED6B /* ForecastDiscussionViewModel.swift */ = {isa = PBXFileReference; lastKnownFileType = sourcecode.swift; path = ForecastDiscussionViewModel.swift; sourceTree = "<group>"; };
		EFD2025D2315392400A0ED6B /* ForecastDiscussionView.swift */ = {isa = PBXFileReference; lastKnownFileType = sourcecode.swift; path = ForecastDiscussionView.swift; sourceTree = "<group>"; };
		EFD202622315E5E900A0ED6B /* ScrollableText.swift */ = {isa = PBXFileReference; fileEncoding = 4; lastKnownFileType = sourcecode.swift; path = ScrollableText.swift; sourceTree = "<group>"; };
		EFD354D922FAF66100B98ECE /* Publisher+Operators.swift */ = {isa = PBXFileReference; lastKnownFileType = sourcecode.swift; path = "Publisher+Operators.swift"; sourceTree = "<group>"; };
		EFD5422C230D50A100059214 /* PercentFormatter.swift */ = {isa = PBXFileReference; lastKnownFileType = sourcecode.swift; path = PercentFormatter.swift; sourceTree = "<group>"; };
		EFD5422F230EA0D800059214 /* Geometry+Distance.swift */ = {isa = PBXFileReference; lastKnownFileType = sourcecode.swift; path = "Geometry+Distance.swift"; sourceTree = "<group>"; };
		EFD54232230EA8F700059214 /* CurrentConditionsModel.swift */ = {isa = PBXFileReference; lastKnownFileType = sourcecode.swift; path = CurrentConditionsModel.swift; sourceTree = "<group>"; };
		EFDD5CDC2311492200261945 /* HourlyForecastCell.swift */ = {isa = PBXFileReference; lastKnownFileType = sourcecode.swift; name = HourlyForecastCell.swift; path = ../DailyForecast/HourlyForecastCell.swift; sourceTree = "<group>"; };
		EFDD5CDE2311493100261945 /* HourlyForecastCellModel.swift */ = {isa = PBXFileReference; lastKnownFileType = sourcecode.swift; name = HourlyForecastCellModel.swift; path = ../DailyForecast/HourlyForecastCellModel.swift; sourceTree = "<group>"; };
		EFDF4A032325165000C95B69 /* ActivityIndicatorView.swift */ = {isa = PBXFileReference; lastKnownFileType = sourcecode.swift; path = ActivityIndicatorView.swift; sourceTree = "<group>"; };
		EFDF4A052327B6DA00C95B69 /* TimeInterval+Durations.swift */ = {isa = PBXFileReference; lastKnownFileType = sourcecode.swift; path = "TimeInterval+Durations.swift"; sourceTree = "<group>"; };
		EFDF4A072327C6E400C95B69 /* AnyFormatter.swift */ = {isa = PBXFileReference; lastKnownFileType = sourcecode.swift; path = AnyFormatter.swift; sourceTree = "<group>"; };
		EFEE483822F6EB5200F4C7B8 /* Basic.app */ = {isa = PBXFileReference; explicitFileType = wrapper.application; includeInIndex = 0; path = Basic.app; sourceTree = BUILT_PRODUCTS_DIR; };
		EFEE483B22F6EB5200F4C7B8 /* AppDelegate.swift */ = {isa = PBXFileReference; lastKnownFileType = sourcecode.swift; path = AppDelegate.swift; sourceTree = "<group>"; };
		EFEE483D22F6EB5200F4C7B8 /* SceneDelegate.swift */ = {isa = PBXFileReference; lastKnownFileType = sourcecode.swift; path = SceneDelegate.swift; sourceTree = "<group>"; };
		EFEE484022F6EB5200F4C7B8 /* Basic.xcdatamodel */ = {isa = PBXFileReference; lastKnownFileType = wrapper.xcdatamodel; path = Basic.xcdatamodel; sourceTree = "<group>"; };
		EFEE484222F6EB5200F4C7B8 /* WeatherView.swift */ = {isa = PBXFileReference; lastKnownFileType = sourcecode.swift; path = WeatherView.swift; sourceTree = "<group>"; };
		EFEE484422F6EB5300F4C7B8 /* Assets.xcassets */ = {isa = PBXFileReference; lastKnownFileType = folder.assetcatalog; path = Assets.xcassets; sourceTree = "<group>"; };
		EFEE484722F6EB5300F4C7B8 /* Preview Assets.xcassets */ = {isa = PBXFileReference; lastKnownFileType = folder.assetcatalog; path = "Preview Assets.xcassets"; sourceTree = "<group>"; };
		EFEE484A22F6EB5300F4C7B8 /* Base */ = {isa = PBXFileReference; lastKnownFileType = file.storyboard; name = Base; path = Base.lproj/LaunchScreen.storyboard; sourceTree = "<group>"; };
		EFEE484C22F6EB5300F4C7B8 /* Info.plist */ = {isa = PBXFileReference; lastKnownFileType = text.plist.xml; path = Info.plist; sourceTree = "<group>"; };
		EFEE485122F6EB5300F4C7B8 /* BasicTests.xctest */ = {isa = PBXFileReference; explicitFileType = wrapper.cfbundle; includeInIndex = 0; path = BasicTests.xctest; sourceTree = BUILT_PRODUCTS_DIR; };
		EFEE485522F6EB5300F4C7B8 /* BasicTests.swift */ = {isa = PBXFileReference; lastKnownFileType = sourcecode.swift; path = BasicTests.swift; sourceTree = "<group>"; };
		EFEE485722F6EB5300F4C7B8 /* Info.plist */ = {isa = PBXFileReference; lastKnownFileType = text.plist.xml; path = Info.plist; sourceTree = "<group>"; };
		EFEE486722F6EF7A00F4C7B8 /* API */ = {isa = PBXFileReference; lastKnownFileType = folder; name = API; path = lib/API; sourceTree = "<group>"; };
		EFEEE8AB22F8EA9F00A34E61 /* WeatherViewModel.swift */ = {isa = PBXFileReference; lastKnownFileType = sourcecode.swift; path = WeatherViewModel.swift; sourceTree = "<group>"; };
		EFEEE8AF22F909D200A34E61 /* LocationUpdater.swift */ = {isa = PBXFileReference; lastKnownFileType = sourcecode.swift; path = LocationUpdater.swift; sourceTree = "<group>"; };
		EFEEE8B322F988E000A34E61 /* DailyForecastCell.swift */ = {isa = PBXFileReference; lastKnownFileType = sourcecode.swift; path = DailyForecastCell.swift; sourceTree = "<group>"; };
		EFEEE8B522F9890900A34E61 /* DailyForecastCellModel.swift */ = {isa = PBXFileReference; lastKnownFileType = sourcecode.swift; path = DailyForecastCellModel.swift; sourceTree = "<group>"; };
		EFF7489523587F7100B43A4D /* DispatchAssert.swift */ = {isa = PBXFileReference; lastKnownFileType = sourcecode.swift; path = DispatchAssert.swift; sourceTree = "<group>"; };
/* End PBXFileReference section */

/* Begin PBXFrameworksBuildPhase section */
		EFEE483522F6EB5200F4C7B8 /* Frameworks */ = {
			isa = PBXFrameworksBuildPhase;
			buildActionMask = 2147483647;
			files = (
				EFD354D822FAD8F000B98ECE /* API in Frameworks */,
				EF737326230175200015FCA1 /* ImageLoading in Frameworks */,
				EFD04B4223339104006B6748 /* OhNo in Frameworks */,
				EFC53503235DC3AA00822A58 /* BasicAlgorithms in Frameworks */,
			);
			runOnlyForDeploymentPostprocessing = 0;
		};
		EFEE484E22F6EB5300F4C7B8 /* Frameworks */ = {
			isa = PBXFrameworksBuildPhase;
			buildActionMask = 2147483647;
			files = (
				EF363E08233F742C0087F494 /* OhNo in Frameworks */,
			);
			runOnlyForDeploymentPostprocessing = 0;
		};
/* End PBXFrameworksBuildPhase section */

/* Begin PBXGroup section */
		EF09144823250EE3008544C3 /* DailyForecast */ = {
			isa = PBXGroup;
			children = (
				EF2E767D23083BED008EB40D /* CurrentConditionsView.swift */,
				EF2E767B23083BE0008EB40D /* CurrentConditionsViewModel.swift */,
				EFEEE8B322F988E000A34E61 /* DailyForecastCell.swift */,
				EFEEE8B522F9890900A34E61 /* DailyForecastCellModel.swift */,
				EFBB2DC522FC2BA900AAF7EE /* DailyForecastView.swift */,
				EFBB2DC722FC2BB500AAF7EE /* DailyForecastViewModel.swift */,
				EFC0CBF22322850200EFF256 /* ForecastAlertsNavigationModel.swift */,
			);
			path = DailyForecast;
			sourceTree = "<group>";
		};
		EF09144923250EF6008544C3 /* ForecastDiscussion */ = {
			isa = PBXGroup;
			children = (
				EFD2025D2315392400A0ED6B /* ForecastDiscussionView.swift */,
				EFD2025B2315390B00A0ED6B /* ForecastDiscussionViewModel.swift */,
			);
			path = ForecastDiscussion;
			sourceTree = "<group>";
		};
		EF09144A23250F02008544C3 /* WeatherAlerts */ = {
			isa = PBXGroup;
			children = (
				EFAC52EB232118810080AFB3 /* WeatherAlertList.swift */,
				EFAC52E9232118740080AFB3 /* WeatherAlertListModel.swift */,
				EFAC52EF2321189D0080AFB3 /* WeatherAlertView.swift */,
				EFAC52F1232118A60080AFB3 /* WeatherAlertViewModel.swift */,
			);
			path = WeatherAlerts;
			sourceTree = "<group>";
		};
		EF3D8FD5236F415F00BB8C8D /* Errors */ = {
			isa = PBXGroup;
			children = (
				EF8918F3237043A60001E144 /* UnknownTimeZoneError.swift */,
			);
			path = Errors;
			sourceTree = "<group>";
		};
		EF4CBA9A2357CE5000A39B31 /* HourlyForecast */ = {
			isa = PBXGroup;
			children = (
				EFDD5CDC2311492200261945 /* HourlyForecastCell.swift */,
				EFDD5CDE2311493100261945 /* HourlyForecastCellModel.swift */,
				EF73FFB12357D1A00074D1DB /* HourlyForecastView.swift */,
				EF73FFAF2357D18C0074D1DB /* HourlyForecastViewModel.swift */,
			);
			path = HourlyForecast;
			sourceTree = "<group>";
		};
		EFD2025F2315434600A0ED6B /* Components */ = {
			isa = PBXGroup;
			children = (
				EFDF4A032325165000C95B69 /* ActivityIndicatorView.swift */,
				EFC4F1EE232323C80086F82D /* EitherView.swift */,
				EF0D399A231A8ADB0067359E /* Icon.swift */,
				EF3646F62334F69300A3A70A /* OptionalView.swift */,
				EF136FBD2323D3B2001D2524 /* ResultView.swift */,
				EFD202622315E5E900A0ED6B /* ScrollableText.swift */,
				EF0CF556231C1BC500DD6553 /* UIContentSizeCategory.swift */,
				EF0CF558231C46BF00DD6553 /* UILegibilityWeight.swift */,
			);
			path = Components;
			sourceTree = "<group>";
		};
		EFD354D622FAD8F000B98ECE /* Frameworks */ = {
			isa = PBXGroup;
			children = (
			);
			name = Frameworks;
			sourceTree = "<group>";
		};
		EFD5422E230D51C700059214 /* Formatters */ = {
			isa = PBXGroup;
			children = (
				EFDF4A072327C6E400C95B69 /* AnyFormatter.swift */,
				EF28080A230C013400FF018E /* Formatters.swift */,
				EFD5422C230D50A100059214 /* PercentFormatter.swift */,
				EFAC52F52321D8460080AFB3 /* PrettyPrintParagraphs.swift */,
			);
			path = Formatters;
			sourceTree = "<group>";
		};
		EFD54231230EA8E900059214 /* Models */ = {
			isa = PBXGroup;
			children = (
				EFD54232230EA8F700059214 /* CurrentConditionsModel.swift */,
			);
			path = Models;
			sourceTree = "<group>";
		};
		EFEE482F22F6EB5200F4C7B8 = {
			isa = PBXGroup;
			children = (
				EFEE486722F6EF7A00F4C7B8 /* API */,
				EF737324230175110015FCA1 /* ImageLoading */,
				EFD04B4023338F1F006B6748 /* OhNo */,
				EFC53501235DC39E00822A58 /* BasicAlgorithms */,
				EFEE483A22F6EB5200F4C7B8 /* Basic */,
				EFEE485422F6EB5300F4C7B8 /* BasicTests */,
				EFEE483922F6EB5200F4C7B8 /* Products */,
				EFD354D622FAD8F000B98ECE /* Frameworks */,
			);
			sourceTree = "<group>";
		};
		EFEE483922F6EB5200F4C7B8 /* Products */ = {
			isa = PBXGroup;
			children = (
				EFEE483822F6EB5200F4C7B8 /* Basic.app */,
				EFEE485122F6EB5300F4C7B8 /* BasicTests.xctest */,
			);
			name = Products;
			sourceTree = "<group>";
		};
		EFEE483A22F6EB5200F4C7B8 /* Basic */ = {
			isa = PBXGroup;
			children = (
				EFEEE8AE22F909C700A34E61 /* Core */,
				EF3D8FD5236F415F00BB8C8D /* Errors */,
				EFD5422E230D51C700059214 /* Formatters */,
				EFD54231230EA8E900059214 /* Models */,
				EFEEE8AD22F909B100A34E61 /* UI */,
				EFEE483B22F6EB5200F4C7B8 /* AppDelegate.swift */,
				EFEE483D22F6EB5200F4C7B8 /* SceneDelegate.swift */,
				EFEE484422F6EB5300F4C7B8 /* Assets.xcassets */,
				EFEE484922F6EB5300F4C7B8 /* LaunchScreen.storyboard */,
				EFEE484C22F6EB5300F4C7B8 /* Info.plist */,
				EFEE483F22F6EB5200F4C7B8 /* Basic.xcdatamodeld */,
				EFEE484622F6EB5300F4C7B8 /* Preview Content */,
			);
			path = Basic;
			sourceTree = "<group>";
		};
		EFEE484622F6EB5300F4C7B8 /* Preview Content */ = {
			isa = PBXGroup;
			children = (
				EFEE484722F6EB5300F4C7B8 /* Preview Assets.xcassets */,
			);
			path = "Preview Content";
			sourceTree = "<group>";
		};
		EFEE485422F6EB5300F4C7B8 /* BasicTests */ = {
			isa = PBXGroup;
			children = (
				EFEE485522F6EB5300F4C7B8 /* BasicTests.swift */,
				EFEE485722F6EB5300F4C7B8 /* Info.plist */,
			);
			path = BasicTests;
			sourceTree = "<group>";
		};
		EFEEE8AD22F909B100A34E61 /* UI */ = {
			isa = PBXGroup;
			children = (
				EFD2025F2315434600A0ED6B /* Components */,
				EF09144823250EE3008544C3 /* DailyForecast */,
				EF4CBA9A2357CE5000A39B31 /* HourlyForecast */,
				EF09144923250EF6008544C3 /* ForecastDiscussion */,
				EF09144A23250F02008544C3 /* WeatherAlerts */,
				EF7714B22355DD1D0060217C /* ContentContainerView.swift */,
				EF6BF68A2312D12B00159436 /* ErrorView.swift */,
				EF09144B23251520008544C3 /* LoadingView.swift */,
				EFEE484222F6EB5200F4C7B8 /* WeatherView.swift */,
				EFEEE8AB22F8EA9F00A34E61 /* WeatherViewModel.swift */,
			);
			path = UI;
			sourceTree = "<group>";
		};
		EFEEE8AE22F909C700A34E61 /* Core */ = {
			isa = PBXGroup;
			children = (
				EFF7489523587F7100B43A4D /* DispatchAssert.swift */,
				EFC0CBF42322864000EFF256 /* Either.swift */,
				EFAFA7872333944300DAB9F7 /* ErrorLog+Default.swift */,
				EFD5422F230EA0D800059214 /* Geometry+Distance.swift */,
				EF409DE4232F9B8B00877B6E /* LocationUpdateError.swift */,
				EFEEE8AF22F909D200A34E61 /* LocationUpdater.swift */,
				EFD354D922FAF66100B98ECE /* Publisher+Operators.swift */,
				EFAC52E7231FCFA40080AFB3 /* Result+Operators.swift */,
				EF6BF6862311E07A00159436 /* Tagged.swift */,
				EFDF4A052327B6DA00C95B69 /* TimeInterval+Durations.swift */,
			);
			path = Core;
			sourceTree = "<group>";
		};
/* End PBXGroup section */

/* Begin PBXNativeTarget section */
		EFEE483722F6EB5200F4C7B8 /* Basic */ = {
			isa = PBXNativeTarget;
			buildConfigurationList = EFEE485A22F6EB5300F4C7B8 /* Build configuration list for PBXNativeTarget "Basic" */;
			buildPhases = (
				EFEE483422F6EB5200F4C7B8 /* Sources */,
				EFEE483522F6EB5200F4C7B8 /* Frameworks */,
				EFEE483622F6EB5200F4C7B8 /* Resources */,
			);
			buildRules = (
			);
			dependencies = (
			);
			name = Basic;
			packageProductDependencies = (
				EFD354D722FAD8F000B98ECE /* API */,
				EF737325230175200015FCA1 /* ImageLoading */,
				EFD04B4123339104006B6748 /* OhNo */,
				EFC53502235DC3AA00822A58 /* BasicAlgorithms */,
			);
			productName = Basic;
			productReference = EFEE483822F6EB5200F4C7B8 /* Basic.app */;
			productType = "com.apple.product-type.application";
		};
		EFEE485022F6EB5300F4C7B8 /* BasicTests */ = {
			isa = PBXNativeTarget;
			buildConfigurationList = EFEE485D22F6EB5300F4C7B8 /* Build configuration list for PBXNativeTarget "BasicTests" */;
			buildPhases = (
				EFEE484D22F6EB5300F4C7B8 /* Sources */,
				EFEE484E22F6EB5300F4C7B8 /* Frameworks */,
				EFEE484F22F6EB5300F4C7B8 /* Resources */,
			);
			buildRules = (
			);
			dependencies = (
				EFEE485322F6EB5300F4C7B8 /* PBXTargetDependency */,
			);
			name = BasicTests;
			packageProductDependencies = (
				EF363E07233F742C0087F494 /* OhNo */,
			);
			productName = BasicTests;
			productReference = EFEE485122F6EB5300F4C7B8 /* BasicTests.xctest */;
			productType = "com.apple.product-type.bundle.unit-test";
		};
/* End PBXNativeTarget section */

/* Begin PBXProject section */
		EFEE483022F6EB5200F4C7B8 /* Project object */ = {
			isa = PBXProject;
			attributes = {
				LastSwiftUpdateCheck = 1100;
				LastUpgradeCheck = 1100;
				ORGANIZATIONNAME = "Charlie Osmer";
				TargetAttributes = {
					EFEE483722F6EB5200F4C7B8 = {
						CreatedOnToolsVersion = 11.0;
					};
					EFEE485022F6EB5300F4C7B8 = {
						CreatedOnToolsVersion = 11.0;
						TestTargetID = EFEE483722F6EB5200F4C7B8;
					};
				};
			};
			buildConfigurationList = EFEE483322F6EB5200F4C7B8 /* Build configuration list for PBXProject "Basic" */;
			compatibilityVersion = "Xcode 9.3";
			developmentRegion = en;
			hasScannedForEncodings = 0;
			knownRegions = (
				en,
				Base,
			);
			mainGroup = EFEE482F22F6EB5200F4C7B8;
			productRefGroup = EFEE483922F6EB5200F4C7B8 /* Products */;
			projectDirPath = "";
			projectRoot = "";
			targets = (
				EFEE483722F6EB5200F4C7B8 /* Basic */,
				EFEE485022F6EB5300F4C7B8 /* BasicTests */,
			);
		};
/* End PBXProject section */

/* Begin PBXResourcesBuildPhase section */
		EFEE483622F6EB5200F4C7B8 /* Resources */ = {
			isa = PBXResourcesBuildPhase;
			buildActionMask = 2147483647;
			files = (
				EFEE484B22F6EB5300F4C7B8 /* LaunchScreen.storyboard in Resources */,
				EFEE484822F6EB5300F4C7B8 /* Preview Assets.xcassets in Resources */,
				EFEE484522F6EB5300F4C7B8 /* Assets.xcassets in Resources */,
			);
			runOnlyForDeploymentPostprocessing = 0;
		};
		EFEE484F22F6EB5300F4C7B8 /* Resources */ = {
			isa = PBXResourcesBuildPhase;
			buildActionMask = 2147483647;
			files = (
			);
			runOnlyForDeploymentPostprocessing = 0;
		};
/* End PBXResourcesBuildPhase section */

/* Begin PBXSourcesBuildPhase section */
		EFEE483422F6EB5200F4C7B8 /* Sources */ = {
			isa = PBXSourcesBuildPhase;
			buildActionMask = 2147483647;
			files = (
				EF2E767E23083BED008EB40D /* CurrentConditionsView.swift in Sources */,
				EFEEE8AC22F8EA9F00A34E61 /* WeatherViewModel.swift in Sources */,
				EF73FFB22357D1A00074D1DB /* HourlyForecastView.swift in Sources */,
				EFAC52F2232118A60080AFB3 /* WeatherAlertViewModel.swift in Sources */,
				EF0D399B231A8ADB0067359E /* Icon.swift in Sources */,
				EFD202632315E5E900A0ED6B /* ScrollableText.swift in Sources */,
				EF0CF559231C46BF00DD6553 /* UILegibilityWeight.swift in Sources */,
				EFDD5CDD2311492200261945 /* HourlyForecastCell.swift in Sources */,
				EFC0CBF32322850200EFF256 /* ForecastAlertsNavigationModel.swift in Sources */,
				EF28080B230C013400FF018E /* Formatters.swift in Sources */,
				EFD5422D230D50A100059214 /* PercentFormatter.swift in Sources */,
				EFBB2DC622FC2BA900AAF7EE /* DailyForecastView.swift in Sources */,
				EFDF4A042325165000C95B69 /* ActivityIndicatorView.swift in Sources */,
				EF7714B32355DD1D0060217C /* ContentContainerView.swift in Sources */,
				EF09144C23251520008544C3 /* LoadingView.swift in Sources */,
				EFD2025C2315390B00A0ED6B /* ForecastDiscussionViewModel.swift in Sources */,
				EF6BF68B2312D12B00159436 /* ErrorView.swift in Sources */,
				EF136FBE2323D3B2001D2524 /* ResultView.swift in Sources */,
				EFAC52E8231FCFA40080AFB3 /* Result+Operators.swift in Sources */,
				EFEE483C22F6EB5200F4C7B8 /* AppDelegate.swift in Sources */,
				EFD354DA22FAF66100B98ECE /* Publisher+Operators.swift in Sources */,
				EFDD5CDF2311493100261945 /* HourlyForecastCellModel.swift in Sources */,
				EFC4F1EF232323C80086F82D /* EitherView.swift in Sources */,
				EFEEE8B622F9890900A34E61 /* DailyForecastCellModel.swift in Sources */,
				EF6BF6872311E07A00159436 /* Tagged.swift in Sources */,
				EFDF4A082327C6E400C95B69 /* AnyFormatter.swift in Sources */,
				EFEE483E22F6EB5200F4C7B8 /* SceneDelegate.swift in Sources */,
				EF73FFB02357D18C0074D1DB /* HourlyForecastViewModel.swift in Sources */,
				EFAC52EA232118740080AFB3 /* WeatherAlertListModel.swift in Sources */,
				EFBB2DC822FC2BB500AAF7EE /* DailyForecastViewModel.swift in Sources */,
				EFD2025E2315392400A0ED6B /* ForecastDiscussionView.swift in Sources */,
				EF409DE5232F9B8B00877B6E /* LocationUpdateError.swift in Sources */,
				EFD54233230EA8F700059214 /* CurrentConditionsModel.swift in Sources */,
				EFEE484322F6EB5200F4C7B8 /* WeatherView.swift in Sources */,
				EFF7489623587F7100B43A4D /* DispatchAssert.swift in Sources */,
				EFEEE8B422F988E000A34E61 /* DailyForecastCell.swift in Sources */,
				EFC0CBF52322864000EFF256 /* Either.swift in Sources */,
				EFAFA7882333944300DAB9F7 /* ErrorLog+Default.swift in Sources */,
				EFD54230230EA0D800059214 /* Geometry+Distance.swift in Sources */,
				EF3646F72334F69300A3A70A /* OptionalView.swift in Sources */,
				EF0CF557231C1BC500DD6553 /* UIContentSizeCategory.swift in Sources */,
				EFAC52F62321D8460080AFB3 /* PrettyPrintParagraphs.swift in Sources */,
				EFEEE8B022F909D200A34E61 /* LocationUpdater.swift in Sources */,
				EF2E767C23083BE0008EB40D /* CurrentConditionsViewModel.swift in Sources */,
				EFDF4A062327B6DA00C95B69 /* TimeInterval+Durations.swift in Sources */,
				EFAC52EC232118810080AFB3 /* WeatherAlertList.swift in Sources */,
				EFEE484122F6EB5200F4C7B8 /* Basic.xcdatamodeld in Sources */,
				EFAC52F02321189D0080AFB3 /* WeatherAlertView.swift in Sources */,
				EF8918F4237043A60001E144 /* UnknownTimeZoneError.swift in Sources */,
			);
			runOnlyForDeploymentPostprocessing = 0;
		};
		EFEE484D22F6EB5300F4C7B8 /* Sources */ = {
			isa = PBXSourcesBuildPhase;
			buildActionMask = 2147483647;
			files = (
				EFEE485622F6EB5300F4C7B8 /* BasicTests.swift in Sources */,
			);
			runOnlyForDeploymentPostprocessing = 0;
		};
/* End PBXSourcesBuildPhase section */

/* Begin PBXTargetDependency section */
		EFEE485322F6EB5300F4C7B8 /* PBXTargetDependency */ = {
			isa = PBXTargetDependency;
			target = EFEE483722F6EB5200F4C7B8 /* Basic */;
			targetProxy = EFEE485222F6EB5300F4C7B8 /* PBXContainerItemProxy */;
		};
/* End PBXTargetDependency section */

/* Begin PBXVariantGroup section */
		EFEE484922F6EB5300F4C7B8 /* LaunchScreen.storyboard */ = {
			isa = PBXVariantGroup;
			children = (
				EFEE484A22F6EB5300F4C7B8 /* Base */,
			);
			name = LaunchScreen.storyboard;
			sourceTree = "<group>";
		};
/* End PBXVariantGroup section */

/* Begin XCBuildConfiguration section */
		EFEE485822F6EB5300F4C7B8 /* Debug */ = {
			isa = XCBuildConfiguration;
			buildSettings = {
				ALWAYS_SEARCH_USER_PATHS = NO;
				CLANG_ANALYZER_NONNULL = YES;
				CLANG_ANALYZER_NUMBER_OBJECT_CONVERSION = YES_AGGRESSIVE;
				CLANG_CXX_LANGUAGE_STANDARD = "gnu++14";
				CLANG_CXX_LIBRARY = "libc++";
				CLANG_ENABLE_MODULES = YES;
				CLANG_ENABLE_OBJC_ARC = YES;
				CLANG_ENABLE_OBJC_WEAK = YES;
				CLANG_WARN_BLOCK_CAPTURE_AUTORELEASING = YES;
				CLANG_WARN_BOOL_CONVERSION = YES;
				CLANG_WARN_COMMA = YES;
				CLANG_WARN_CONSTANT_CONVERSION = YES;
				CLANG_WARN_DEPRECATED_OBJC_IMPLEMENTATIONS = YES;
				CLANG_WARN_DIRECT_OBJC_ISA_USAGE = YES_ERROR;
				CLANG_WARN_DOCUMENTATION_COMMENTS = YES;
				CLANG_WARN_EMPTY_BODY = YES;
				CLANG_WARN_ENUM_CONVERSION = YES;
				CLANG_WARN_INFINITE_RECURSION = YES;
				CLANG_WARN_INT_CONVERSION = YES;
				CLANG_WARN_NON_LITERAL_NULL_CONVERSION = YES;
				CLANG_WARN_OBJC_IMPLICIT_RETAIN_SELF = YES;
				CLANG_WARN_OBJC_LITERAL_CONVERSION = YES;
				CLANG_WARN_OBJC_ROOT_CLASS = YES_ERROR;
				CLANG_WARN_RANGE_LOOP_ANALYSIS = YES;
				CLANG_WARN_STRICT_PROTOTYPES = YES;
				CLANG_WARN_SUSPICIOUS_MOVE = YES;
				CLANG_WARN_UNGUARDED_AVAILABILITY = YES_AGGRESSIVE;
				CLANG_WARN_UNREACHABLE_CODE = YES;
				CLANG_WARN__DUPLICATE_METHOD_MATCH = YES;
				COPY_PHASE_STRIP = NO;
				DEBUG_INFORMATION_FORMAT = dwarf;
				ENABLE_STRICT_OBJC_MSGSEND = YES;
				ENABLE_TESTABILITY = YES;
				GCC_C_LANGUAGE_STANDARD = gnu11;
				GCC_DYNAMIC_NO_PIC = NO;
				GCC_NO_COMMON_BLOCKS = YES;
				GCC_OPTIMIZATION_LEVEL = 0;
				GCC_PREPROCESSOR_DEFINITIONS = (
					"DEBUG=1",
					"$(inherited)",
				);
				GCC_WARN_64_TO_32_BIT_CONVERSION = YES;
				GCC_WARN_ABOUT_RETURN_TYPE = YES_ERROR;
				GCC_WARN_UNDECLARED_SELECTOR = YES;
				GCC_WARN_UNINITIALIZED_AUTOS = YES_AGGRESSIVE;
				GCC_WARN_UNUSED_FUNCTION = YES;
				GCC_WARN_UNUSED_VARIABLE = YES;
				IPHONEOS_DEPLOYMENT_TARGET = 13.0;
				MTL_ENABLE_DEBUG_INFO = INCLUDE_SOURCE;
				MTL_FAST_MATH = YES;
				ONLY_ACTIVE_ARCH = YES;
				SDKROOT = iphoneos;
				SWIFT_ACTIVE_COMPILATION_CONDITIONS = DEBUG;
				SWIFT_OPTIMIZATION_LEVEL = "-Onone";
			};
			name = Debug;
		};
		EFEE485922F6EB5300F4C7B8 /* Release */ = {
			isa = XCBuildConfiguration;
			buildSettings = {
				ALWAYS_SEARCH_USER_PATHS = NO;
				CLANG_ANALYZER_NONNULL = YES;
				CLANG_ANALYZER_NUMBER_OBJECT_CONVERSION = YES_AGGRESSIVE;
				CLANG_CXX_LANGUAGE_STANDARD = "gnu++14";
				CLANG_CXX_LIBRARY = "libc++";
				CLANG_ENABLE_MODULES = YES;
				CLANG_ENABLE_OBJC_ARC = YES;
				CLANG_ENABLE_OBJC_WEAK = YES;
				CLANG_WARN_BLOCK_CAPTURE_AUTORELEASING = YES;
				CLANG_WARN_BOOL_CONVERSION = YES;
				CLANG_WARN_COMMA = YES;
				CLANG_WARN_CONSTANT_CONVERSION = YES;
				CLANG_WARN_DEPRECATED_OBJC_IMPLEMENTATIONS = YES;
				CLANG_WARN_DIRECT_OBJC_ISA_USAGE = YES_ERROR;
				CLANG_WARN_DOCUMENTATION_COMMENTS = YES;
				CLANG_WARN_EMPTY_BODY = YES;
				CLANG_WARN_ENUM_CONVERSION = YES;
				CLANG_WARN_INFINITE_RECURSION = YES;
				CLANG_WARN_INT_CONVERSION = YES;
				CLANG_WARN_NON_LITERAL_NULL_CONVERSION = YES;
				CLANG_WARN_OBJC_IMPLICIT_RETAIN_SELF = YES;
				CLANG_WARN_OBJC_LITERAL_CONVERSION = YES;
				CLANG_WARN_OBJC_ROOT_CLASS = YES_ERROR;
				CLANG_WARN_RANGE_LOOP_ANALYSIS = YES;
				CLANG_WARN_STRICT_PROTOTYPES = YES;
				CLANG_WARN_SUSPICIOUS_MOVE = YES;
				CLANG_WARN_UNGUARDED_AVAILABILITY = YES_AGGRESSIVE;
				CLANG_WARN_UNREACHABLE_CODE = YES;
				CLANG_WARN__DUPLICATE_METHOD_MATCH = YES;
				COPY_PHASE_STRIP = NO;
				DEBUG_INFORMATION_FORMAT = "dwarf-with-dsym";
				ENABLE_NS_ASSERTIONS = NO;
				ENABLE_STRICT_OBJC_MSGSEND = YES;
				GCC_C_LANGUAGE_STANDARD = gnu11;
				GCC_NO_COMMON_BLOCKS = YES;
				GCC_WARN_64_TO_32_BIT_CONVERSION = YES;
				GCC_WARN_ABOUT_RETURN_TYPE = YES_ERROR;
				GCC_WARN_UNDECLARED_SELECTOR = YES;
				GCC_WARN_UNINITIALIZED_AUTOS = YES_AGGRESSIVE;
				GCC_WARN_UNUSED_FUNCTION = YES;
				GCC_WARN_UNUSED_VARIABLE = YES;
				IPHONEOS_DEPLOYMENT_TARGET = 13.0;
				MTL_ENABLE_DEBUG_INFO = NO;
				MTL_FAST_MATH = YES;
				SDKROOT = iphoneos;
				SWIFT_COMPILATION_MODE = wholemodule;
				SWIFT_OPTIMIZATION_LEVEL = "-O";
				VALIDATE_PRODUCT = YES;
			};
			name = Release;
		};
		EFEE485B22F6EB5300F4C7B8 /* Debug */ = {
			isa = XCBuildConfiguration;
			buildSettings = {
				ASSETCATALOG_COMPILER_APPICON_NAME = AppIcon;
				CODE_SIGN_STYLE = Automatic;
				DEVELOPMENT_ASSET_PATHS = "Basic/Preview\\ Content";
				DEVELOPMENT_TEAM = 6L2Y56B223;
				ENABLE_PREVIEWS = YES;
				INFOPLIST_FILE = Basic/Info.plist;
				LD_RUNPATH_SEARCH_PATHS = (
					"$(inherited)",
					"@executable_path/Frameworks",
				);
				PRODUCT_BUNDLE_IDENTIFIER = com.cosmer.Basic;
				PRODUCT_NAME = "$(TARGET_NAME)";
				SWIFT_VERSION = 5.0;
				TARGETED_DEVICE_FAMILY = "1,2";
			};
			name = Debug;
		};
		EFEE485C22F6EB5300F4C7B8 /* Release */ = {
			isa = XCBuildConfiguration;
			buildSettings = {
				ASSETCATALOG_COMPILER_APPICON_NAME = AppIcon;
				CODE_SIGN_STYLE = Automatic;
				DEVELOPMENT_ASSET_PATHS = "Basic/Preview\\ Content";
				DEVELOPMENT_TEAM = 6L2Y56B223;
				ENABLE_PREVIEWS = YES;
				INFOPLIST_FILE = Basic/Info.plist;
				LD_RUNPATH_SEARCH_PATHS = (
					"$(inherited)",
					"@executable_path/Frameworks",
				);
				PRODUCT_BUNDLE_IDENTIFIER = com.cosmer.Basic;
				PRODUCT_NAME = "$(TARGET_NAME)";
				SWIFT_VERSION = 5.0;
				TARGETED_DEVICE_FAMILY = "1,2";
			};
			name = Release;
		};
		EFEE485E22F6EB5300F4C7B8 /* Debug */ = {
			isa = XCBuildConfiguration;
			buildSettings = {
				ALWAYS_EMBED_SWIFT_STANDARD_LIBRARIES = YES;
				BUNDLE_LOADER = "$(TEST_HOST)";
				CODE_SIGN_STYLE = Automatic;
				DEVELOPMENT_TEAM = 6L2Y56B223;
				INFOPLIST_FILE = BasicTests/Info.plist;
				LD_RUNPATH_SEARCH_PATHS = (
					"$(inherited)",
					"@executable_path/Frameworks",
					"@loader_path/Frameworks",
				);
				PRODUCT_BUNDLE_IDENTIFIER = com.cosmer.BasicTests;
				PRODUCT_NAME = "$(TARGET_NAME)";
				SWIFT_VERSION = 5.0;
				TARGETED_DEVICE_FAMILY = "1,2";
				TEST_HOST = "$(BUILT_PRODUCTS_DIR)/Basic.app/Basic";
			};
			name = Debug;
		};
		EFEE485F22F6EB5300F4C7B8 /* Release */ = {
			isa = XCBuildConfiguration;
			buildSettings = {
				ALWAYS_EMBED_SWIFT_STANDARD_LIBRARIES = YES;
				BUNDLE_LOADER = "$(TEST_HOST)";
				CODE_SIGN_STYLE = Automatic;
				DEVELOPMENT_TEAM = 6L2Y56B223;
				INFOPLIST_FILE = BasicTests/Info.plist;
				LD_RUNPATH_SEARCH_PATHS = (
					"$(inherited)",
					"@executable_path/Frameworks",
					"@loader_path/Frameworks",
				);
				PRODUCT_BUNDLE_IDENTIFIER = com.cosmer.BasicTests;
				PRODUCT_NAME = "$(TARGET_NAME)";
				SWIFT_VERSION = 5.0;
				TARGETED_DEVICE_FAMILY = "1,2";
				TEST_HOST = "$(BUILT_PRODUCTS_DIR)/Basic.app/Basic";
			};
			name = Release;
		};
/* End XCBuildConfiguration section */

/* Begin XCConfigurationList section */
		EFEE483322F6EB5200F4C7B8 /* Build configuration list for PBXProject "Basic" */ = {
			isa = XCConfigurationList;
			buildConfigurations = (
				EFEE485822F6EB5300F4C7B8 /* Debug */,
				EFEE485922F6EB5300F4C7B8 /* Release */,
			);
			defaultConfigurationIsVisible = 0;
			defaultConfigurationName = Release;
		};
		EFEE485A22F6EB5300F4C7B8 /* Build configuration list for PBXNativeTarget "Basic" */ = {
			isa = XCConfigurationList;
			buildConfigurations = (
				EFEE485B22F6EB5300F4C7B8 /* Debug */,
				EFEE485C22F6EB5300F4C7B8 /* Release */,
			);
			defaultConfigurationIsVisible = 0;
			defaultConfigurationName = Release;
		};
		EFEE485D22F6EB5300F4C7B8 /* Build configuration list for PBXNativeTarget "BasicTests" */ = {
			isa = XCConfigurationList;
			buildConfigurations = (
				EFEE485E22F6EB5300F4C7B8 /* Debug */,
				EFEE485F22F6EB5300F4C7B8 /* Release */,
			);
			defaultConfigurationIsVisible = 0;
			defaultConfigurationName = Release;
		};
/* End XCConfigurationList section */

/* Begin XCSwiftPackageProductDependency section */
		EF363E07233F742C0087F494 /* OhNo */ = {
			isa = XCSwiftPackageProductDependency;
			productName = OhNo;
		};
		EF737325230175200015FCA1 /* ImageLoading */ = {
			isa = XCSwiftPackageProductDependency;
			productName = ImageLoading;
		};
		EFC53502235DC3AA00822A58 /* BasicAlgorithms */ = {
			isa = XCSwiftPackageProductDependency;
			productName = BasicAlgorithms;
		};
		EFD04B4123339104006B6748 /* OhNo */ = {
			isa = XCSwiftPackageProductDependency;
			productName = OhNo;
		};
		EFD354D722FAD8F000B98ECE /* API */ = {
			isa = XCSwiftPackageProductDependency;
			productName = API;
		};
/* End XCSwiftPackageProductDependency section */

/* Begin XCVersionGroup section */
		EFEE483F22F6EB5200F4C7B8 /* Basic.xcdatamodeld */ = {
			isa = XCVersionGroup;
			children = (
				EFEE484022F6EB5200F4C7B8 /* Basic.xcdatamodel */,
			);
			currentVersion = EFEE484022F6EB5200F4C7B8 /* Basic.xcdatamodel */;
			path = Basic.xcdatamodeld;
			sourceTree = "<group>";
			versionGroupType = wrapper.xcdatamodel;
		};
/* End XCVersionGroup section */
	};
	rootObject = EFEE483022F6EB5200F4C7B8 /* Project object */;
}
