{
  "object": {
    "pins": [
      {
        "package": "GRDB",
        "repositoryURL": "https://github.com/groue/GRDB.swift.git",
        "state": {
          "branch": null,
          "revision": "146151ffd7ec18882a6e92549b17990cffc3b018",
          "version": "4.6.1"
        }
      }
    ]
  },
  "version": 1
}
